
Microsoft Visual Studio Solution File, Format Version 12.00
# Visual Studio Version 16
VisualStudioVersion = 16.0.809.0
MinimumVisualStudioVersion = 10.0.40219.1
Project("{FAE04EC0-301F-11D3-BF4B-00C04F79EFBC}") = "Substratum.Common", "Substratum.Common\Substratum.Common.csproj", "{8A786BB5-FEBA-4E1A-8E44-4F3887F4866E}"
EndProject
Project("{FAE04EC0-301F-11D3-BF4B-00C04F79EFBC}") = "Substratum.Notification", "Substratum.Notification\Substratum.Notification.csproj", "{76C591EB-911A-4D84-95DE-D3C464A82446}"
EndProject
Global
	GlobalSection(SolutionConfigurationPlatforms) = preSolution
		Debug|Any CPU = Debug|Any CPU
		Release|Any CPU = Release|Any CPU
	EndGlobalSection
	GlobalSection(ProjectConfigurationPlatforms) = postSolution
		{8A786BB5-FEBA-4E1A-8E44-4F3887F4866E}.Debug|Any CPU.ActiveCfg = Debug|Any CPU
		{8A786BB5-FEBA-4E1A-8E44-4F3887F4866E}.Debug|Any CPU.Build.0 = Debug|Any CPU
		{8A786BB5-FEBA-4E1A-8E44-4F3887F4866E}.Release|Any CPU.ActiveCfg = Release|Any CPU
		{8A786BB5-FEBA-4E1A-8E44-4F3887F4866E}.Release|Any CPU.Build.0 = Release|Any CPU
		{76C591EB-911A-4D84-95DE-D3C464A82446}.Debug|Any CPU.ActiveCfg = Debug|Any CPU
		{76C591EB-911A-4D84-95DE-D3C464A82446}.Debug|Any CPU.Build.0 = Debug|Any CPU
		{76C591EB-911A-4D84-95DE-D3C464A82446}.Release|Any CPU.ActiveCfg = Release|Any CPU
		{76C591EB-911A-4D84-95DE-D3C464A82446}.Release|Any CPU.Build.0 = Release|Any CPU
	EndGlobalSection
	GlobalSection(SolutionProperties) = preSolution
		HideSolutionNode = FALSE
	EndGlobalSection
	GlobalSection(ExtensibilityGlobals) = postSolution
		SolutionGuid = {1F11128D-D20C-41B2-B607-393562AF465B}
	EndGlobalSection
EndGlobal
